// !$*UTF8*$!
{
	archiveVersion = 1;
	classes = {
	};
	objectVersion = 46;
	objects = {

/* Begin PBXBuildFile section */
		B219EC371AD8E5BB0042C5C4 /* AppDelegate.swift in Sources */ = {isa = PBXBuildFile; fileRef = B219EC361AD8E5BB0042C5C4 /* AppDelegate.swift */; };
		B219EC391AD8E5BB0042C5C4 /* ViewController.swift in Sources */ = {isa = PBXBuildFile; fileRef = B219EC381AD8E5BB0042C5C4 /* ViewController.swift */; };
		B219EC3C1AD8E5BB0042C5C4 /* Main.storyboard in Resources */ = {isa = PBXBuildFile; fileRef = B219EC3A1AD8E5BB0042C5C4 /* Main.storyboard */; };
		B219EC3E1AD8E5BB0042C5C4 /* Images.xcassets in Resources */ = {isa = PBXBuildFile; fileRef = B219EC3D1AD8E5BB0042C5C4 /* Images.xcassets */; };
		B219EC411AD8E5BB0042C5C4 /* LaunchScreen.xib in Resources */ = {isa = PBXBuildFile; fileRef = B219EC3F1AD8E5BB0042C5C4 /* LaunchScreen.xib */; };
		B219EC4D1AD8E5BB0042C5C4 /* NexusTests.swift in Sources */ = {isa = PBXBuildFile; fileRef = B219EC4C1AD8E5BB0042C5C4 /* NexusTests.swift */; };
/* End PBXBuildFile section */

/* Begin PBXContainerItemProxy section */
		B219EC471AD8E5BB0042C5C4 /* PBXContainerItemProxy */ = {
			isa = PBXContainerItemProxy;
			containerPortal = B219EC291AD8E5BA0042C5C4 /* Project object */;
			proxyType = 1;
			remoteGlobalIDString = B219EC301AD8E5BA0042C5C4;
			remoteInfo = Nexus;
		};
/* End PBXContainerItemProxy section */

/* Begin PBXFileReference section */
		B219EC311AD8E5BA0042C5C4 /* Nexus.app */ = {isa = PBXFileReference; explicitFileType = wrapper.application; includeInIndex = 0; path = Nexus.app; sourceTree = BUILT_PRODUCTS_DIR; };
		B219EC351AD8E5BB0042C5C4 /* Info.plist */ = {isa = PBXFileReference; lastKnownFileType = text.plist.xml; path = Info.plist; sourceTree = "<group>"; };
		B219EC361AD8E5BB0042C5C4 /* AppDelegate.swift */ = {isa = PBXFileReference; lastKnownFileType = sourcecode.swift; path = AppDelegate.swift; sourceTree = "<group>"; };
		B219EC381AD8E5BB0042C5C4 /* ViewController.swift */ = {isa = PBXFileReference; lastKnownFileType = sourcecode.swift; path = ViewController.swift; sourceTree = "<group>"; };
		B219EC3B1AD8E5BB0042C5C4 /* Base */ = {isa = PBXFileReference; lastKnownFileType = file.storyboard; name = Base; path = Base.lproj/Main.storyboard; sourceTree = "<group>"; };
		B219EC3D1AD8E5BB0042C5C4 /* Images.xcassets */ = {isa = PBXFileReference; lastKnownFileType = folder.assetcatalog; path = Images.xcassets; sourceTree = "<group>"; };
		B219EC401AD8E5BB0042C5C4 /* Base */ = {isa = PBXFileReference; lastKnownFileType = file.xib; name = Base; path = Base.lproj/LaunchScreen.xib; sourceTree = "<group>"; };
		B219EC461AD8E5BB0042C5C4 /* NexusTests.xctest */ = {isa = PBXFileReference; explicitFileType = wrapper.cfbundle; includeInIndex = 0; path = NexusTests.xctest; sourceTree = BUILT_PRODUCTS_DIR; };
		B219EC4B1AD8E5BB0042C5C4 /* Info.plist */ = {isa = PBXFileReference; lastKnownFileType = text.plist.xml; path = Info.plist; sourceTree = "<group>"; };
		B219EC4C1AD8E5BB0042C5C4 /* NexusTests.swift */ = {isa = PBXFileReference; lastKnownFileType = sourcecode.swift; path = NexusTests.swift; sourceTree = "<group>"; };
/* End PBXFileReference section */

/* Begin PBXFrameworksBuildPhase section */
		B219EC2E1AD8E5BA0042C5C4 /* Frameworks */ = {
			isa = PBXFrameworksBuildPhase;
			buildActionMask = 2147483647;
			files = (
			);
			runOnlyForDeploymentPostprocessing = 0;
		};
		B219EC431AD8E5BB0042C5C4 /* Frameworks */ = {
			isa = PBXFrameworksBuildPhase;
			buildActionMask = 2147483647;
			files = (
			);
			runOnlyForDeploymentPostprocessing = 0;
		};
/* End PBXFrameworksBuildPhase section */

/* Begin PBXGroup section */
		B219EC281AD8E5BA0042C5C4 = {
			isa = PBXGroup;
			children = (
				B219EC331AD8E5BB0042C5C4 /* Nexus */,
				B219EC491AD8E5BB0042C5C4 /* NexusTests */,
				B219EC321AD8E5BA0042C5C4 /* Products */,
			);
			sourceTree = "<group>";
		};
		B219EC321AD8E5BA0042C5C4 /* Products */ = {
			isa = PBXGroup;
			children = (
				B219EC311AD8E5BA0042C5C4 /* Nexus.app */,
				B219EC461AD8E5BB0042C5C4 /* NexusTests.xctest */,
			);
			name = Products;
			sourceTree = "<group>";
		};
		B219EC331AD8E5BB0042C5C4 /* Nexus */ = {
			isa = PBXGroup;
			children = (
				B219EC361AD8E5BB0042C5C4 /* AppDelegate.swift */,
				B219EC381AD8E5BB0042C5C4 /* ViewController.swift */,
				B219EC3A1AD8E5BB0042C5C4 /* Main.storyboard */,
				B219EC3D1AD8E5BB0042C5C4 /* Images.xcassets */,
				B219EC3F1AD8E5BB0042C5C4 /* LaunchScreen.xib */,
				B219EC341AD8E5BB0042C5C4 /* Supporting Files */,
			);
			path = Nexus;
			sourceTree = "<group>";
		};
		B219EC341AD8E5BB0042C5C4 /* Supporting Files */ = {
			isa = PBXGroup;
			children = (
				B219EC351AD8E5BB0042C5C4 /* Info.plist */,
			);
			name = "Supporting Files";
			sourceTree = "<group>";
		};
		B219EC491AD8E5BB0042C5C4 /* NexusTests */ = {
			isa = PBXGroup;
			children = (
				B219EC4C1AD8E5BB0042C5C4 /* NexusTests.swift */,
				B219EC4A1AD8E5BB0042C5C4 /* Supporting Files */,
			);
			path = NexusTests;
			sourceTree = "<group>";
		};
		B219EC4A1AD8E5BB0042C5C4 /* Supporting Files */ = {
			isa = PBXGroup;
			children = (
				B219EC4B1AD8E5BB0042C5C4 /* Info.plist */,
			);
			name = "Supporting Files";
			sourceTree = "<group>";
		};
/* End PBXGroup section */

/* Begin PBXNativeTarget section */
		B219EC301AD8E5BA0042C5C4 /* Nexus */ = {
			isa = PBXNativeTarget;
			buildConfigurationList = B219EC501AD8E5BB0042C5C4 /* Build configuration list for PBXNativeTarget "Nexus" */;
			buildPhases = (
				B219EC2D1AD8E5BA0042C5C4 /* Sources */,
				B219EC2E1AD8E5BA0042C5C4 /* Frameworks */,
				B219EC2F1AD8E5BA0042C5C4 /* Resources */,
			);
			buildRules = (
			);
			dependencies = (
			);
			name = Nexus;
			productName = Nexus;
			productReference = B219EC311AD8E5BA0042C5C4 /* Nexus.app */;
			productType = "com.apple.product-type.application";
		};
		B219EC451AD8E5BB0042C5C4 /* NexusTests */ = {
			isa = PBXNativeTarget;
			buildConfigurationList = B219EC531AD8E5BB0042C5C4 /* Build configuration list for PBXNativeTarget "NexusTests" */;
			buildPhases = (
				B219EC421AD8E5BB0042C5C4 /* Sources */,
				B219EC431AD8E5BB0042C5C4 /* Frameworks */,
				B219EC441AD8E5BB0042C5C4 /* Resources */,
			);
			buildRules = (
			);
			dependencies = (
				B219EC481AD8E5BB0042C5C4 /* PBXTargetDependency */,
			);
			name = NexusTests;
			productName = NexusTests;
			productReference = B219EC461AD8E5BB0042C5C4 /* NexusTests.xctest */;
			productType = "com.apple.product-type.bundle.unit-test";
		};
/* End PBXNativeTarget section */

/* Begin PBXProject section */
		B219EC291AD8E5BA0042C5C4 /* Project object */ = {
			isa = PBXProject;
			attributes = {
				LastUpgradeCheck = 0600;
				ORGANIZATIONNAME = JLeahy;
				TargetAttributes = {
					B219EC301AD8E5BA0042C5C4 = {
						CreatedOnToolsVersion = 6.0;
					};
					B219EC451AD8E5BB0042C5C4 = {
						CreatedOnToolsVersion = 6.0;
						TestTargetID = B219EC301AD8E5BA0042C5C4;
					};
				};
			};
			buildConfigurationList = B219EC2C1AD8E5BA0042C5C4 /* Build configuration list for PBXProject "Nexus" */;
			compatibilityVersion = "Xcode 3.2";
			developmentRegion = English;
			hasScannedForEncodings = 0;
			knownRegions = (
				en,
				Base,
			);
			mainGroup = B219EC281AD8E5BA0042C5C4;
			productRefGroup = B219EC321AD8E5BA0042C5C4 /* Products */;
			projectDirPath = "";
			projectRoot = "";
			targets = (
				B219EC301AD8E5BA0042C5C4 /* Nexus */,
				B219EC451AD8E5BB0042C5C4 /* NexusTests */,
			);
		};
/* End PBXProject section */

/* Begin PBXResourcesBuildPhase section */
		B219EC2F1AD8E5BA0042C5C4 /* Resources */ = {
			isa = PBXResourcesBuildPhase;
			buildActionMask = 2147483647;
			files = (
				B219EC3C1AD8E5BB0042C5C4 /* Main.storyboard in Resources */,
				B219EC411AD8E5BB0042C5C4 /* LaunchScreen.xib in Resources */,
				B219EC3E1AD8E5BB0042C5C4 /* Images.xcassets in Resources */,
			);
			runOnlyForDeploymentPostprocessing = 0;
		};
		B219EC441AD8E5BB0042C5C4 /* Resources */ = {
			isa = PBXResourcesBuildPhase;
			buildActionMask = 2147483647;
			files = (
			);
			runOnlyForDeploymentPostprocessing = 0;
		};
/* End PBXResourcesBuildPhase section */

/* Begin PBXSourcesBuildPhase section */
		B219EC2D1AD8E5BA0042C5C4 /* Sources */ = {
			isa = PBXSourcesBuildPhase;
			buildActionMask = 2147483647;
			files = (
				B219EC391AD8E5BB0042C5C4 /* ViewController.swift in Sources */,
				B219EC371AD8E5BB0042C5C4 /* AppDelegate.swift in Sources */,
			);
			runOnlyForDeploymentPostprocessing = 0;
		};
		B219EC421AD8E5BB0042C5C4 /* Sources */ = {
			isa = PBXSourcesBuildPhase;
			buildActionMask = 2147483647;
			files = (
				B219EC4D1AD8E5BB0042C5C4 /* NexusTests.swift in Sources */,
			);
			runOnlyForDeploymentPostprocessing = 0;
		};
/* End PBXSourcesBuildPhase section */

/* Begin PBXTargetDependency section */
		B219EC481AD8E5BB0042C5C4 /* PBXTargetDependency */ = {
			isa = PBXTargetDependency;
			target = B219EC301AD8E5BA0042C5C4 /* Nexus */;
			targetProxy = B219EC471AD8E5BB0042C5C4 /* PBXContainerItemProxy */;
		};
/* End PBXTargetDependency section */

/* Begin PBXVariantGroup section */
		B219EC3A1AD8E5BB0042C5C4 /* Main.storyboard */ = {
			isa = PBXVariantGroup;
			children = (
				B219EC3B1AD8E5BB0042C5C4 /* Base */,
			);
			name = Main.storyboard;
			sourceTree = "<group>";
		};
		B219EC3F1AD8E5BB0042C5C4 /* LaunchScreen.xib */ = {
			isa = PBXVariantGroup;
			children = (
				B219EC401AD8E5BB0042C5C4 /* Base */,
			);
			name = LaunchScreen.xib;
			sourceTree = "<group>";
		};
/* End PBXVariantGroup section */

/* Begin XCBuildConfiguration section */
		B219EC4E1AD8E5BB0042C5C4 /* Debug */ = {
			isa = XCBuildConfiguration;
			buildSettings = {
				ALWAYS_SEARCH_USER_PATHS = NO;
				CLANG_CXX_LANGUAGE_STANDARD = "gnu++0x";
				CLANG_CXX_LIBRARY = "libc++";
				CLANG_ENABLE_MODULES = YES;
				CLANG_ENABLE_OBJC_ARC = YES;
				CLANG_WARN_BOOL_CONVERSION = YES;
				CLANG_WARN_CONSTANT_CONVERSION = YES;
				CLANG_WARN_DIRECT_OBJC_ISA_USAGE = YES_ERROR;
				CLANG_WARN_EMPTY_BODY = YES;
				CLANG_WARN_ENUM_CONVERSION = YES;
				CLANG_WARN_INT_CONVERSION = YES;
				CLANG_WARN_OBJC_ROOT_CLASS = YES_ERROR;
				CLANG_WARN_UNREACHABLE_CODE = YES;
				CLANG_WARN__DUPLICATE_METHOD_MATCH = YES;
				"CODE_SIGN_IDENTITY[sdk=iphoneos*]" = "iPhone Developer";
				COPY_PHASE_STRIP = NO;
				ENABLE_STRICT_OBJC_MSGSEND = YES;
				GCC_C_LANGUAGE_STANDARD = gnu99;
				GCC_DYNAMIC_NO_PIC = NO;
				GCC_OPTIMIZATION_LEVEL = 0;
				GCC_PREPROCESSOR_DEFINITIONS = (
					"DEBUG=1",
					"$(inherited)",
				);
				GCC_SYMBOLS_PRIVATE_EXTERN = NO;
				GCC_WARN_64_TO_32_BIT_CONVERSION = YES;
				GCC_WARN_ABOUT_RETURN_TYPE = YES_ERROR;
				GCC_WARN_UNDECLARED_SELECTOR = YES;
				GCC_WARN_UNINITIALIZED_AUTOS = YES_AGGRESSIVE;
				GCC_WARN_UNUSED_FUNCTION = YES;
				GCC_WARN_UNUSED_VARIABLE = YES;
				IPHONEOS_DEPLOYMENT_TARGET = 8.0;
				MTL_ENABLE_DEBUG_INFO = YES;
				ONLY_ACTIVE_ARCH = YES;
				SDKROOT = iphoneos;
				SWIFT_OPTIMIZATION_LEVEL = "-Onone";
				TARGETED_DEVICE_FAMILY = "1,2";
			};
			name = Debug;
		};
		B219EC4F1AD8E5BB0042C5C4 /* Release */ = {
			isa = XCBuildConfiguration;
			buildSettings = {
				ALWAYS_SEARCH_USER_PATHS = NO;
				CLANG_CXX_LANGUAGE_STANDARD = "gnu++0x";
				CLANG_CXX_LIBRARY = "libc++";
				CLANG_ENABLE_MODULES = YES;
				CLANG_ENABLE_OBJC_ARC = YES;
				CLANG_WARN_BOOL_CONVERSION = YES;
				CLANG_WARN_CONSTANT_CONVERSION = YES;
				CLANG_WARN_DIRECT_OBJC_ISA_USAGE = YES_ERROR;
				CLANG_WARN_EMPTY_BODY = YES;
				CLANG_WARN_ENUM_CONVERSION = YES;
				CLANG_WARN_INT_CONVERSION = YES;
				CLANG_WARN_OBJC_ROOT_CLASS = YES_ERROR;
				CLANG_WARN_UNREACHABLE_CODE = YES;
				CLANG_WARN__DUPLICATE_METHOD_MATCH = YES;
				"CODE_SIGN_IDENTITY[sdk=iphoneos*]" = "iPhone Developer";
				COPY_PHASE_STRIP = YES;
				ENABLE_NS_ASSERTIONS = NO;
				ENABLE_STRICT_OBJC_MSGSEND = YES;
				GCC_C_LANGUAGE_STANDARD = gnu99;
				GCC_WARN_64_TO_32_BIT_CONVERSION = YES;
				GCC_WARN_ABOUT_RETURN_TYPE = YES_ERROR;
				GCC_WARN_UNDECLARED_SELECTOR = YES;
				GCC_WARN_UNINITIALIZED_AUTOS = YES_AGGRESSIVE;
				GCC_WARN_UNUSED_FUNCTION = YES;
				GCC_WARN_UNUSED_VARIABLE = YES;
				IPHONEOS_DEPLOYMENT_TARGET = 8.0;
				MTL_ENABLE_DEBUG_INFO = NO;
				SDKROOT = iphoneos;
				TARGETED_DEVICE_FAMILY = "1,2";
				VALIDATE_PRODUCT = YES;
			};
			name = Release;
		};
		B219EC511AD8E5BB0042C5C4 /* Debug */ = {
			isa = XCBuildConfiguration;
			buildSettings = {
				ASSETCATALOG_COMPILER_APPICON_NAME = AppIcon;
				INFOPLIST_FILE = Nexus/Info.plist;
				LD_RUNPATH_SEARCH_PATHS = "$(inherited) @executable_path/Frameworks";
				PRODUCT_NAME = "$(TARGET_NAME)";
			};
			name = Debug;
		};
		B219EC521AD8E5BB0042C5C4 /* Release */ = {
			isa = XCBuildConfiguration;
			buildSettings = {
				ASSETCATALOG_COMPILER_APPICON_NAME = AppIcon;
				INFOPLIST_FILE = Nexus/Info.plist;
				LD_RUNPATH_SEARCH_PATHS = "$(inherited) @executable_path/Frameworks";
				PRODUCT_NAME = "$(TARGET_NAME)";
			};
			name = Release;
		};
		B219EC541AD8E5BB0042C5C4 /* Debug */ = {
			isa = XCBuildConfiguration;
			buildSettings = {
				BUNDLE_LOADER = "$(TEST_HOST)";
				FRAMEWORK_SEARCH_PATHS = (
					"$(SDKROOT)/Developer/Library/Frameworks",
					"$(inherited)",
				);
				GCC_PREPROCESSOR_DEFINITIONS = (
					"DEBUG=1",
					"$(inherited)",
				);
				INFOPLIST_FILE = NexusTests/Info.plist;
				LD_RUNPATH_SEARCH_PATHS = "$(inherited) @executable_path/Frameworks @loader_path/Frameworks";
				PRODUCT_NAME = "$(TARGET_NAME)";
				TEST_HOST = "$(BUILT_PRODUCTS_DIR)/Nexus.app/Nexus";
			};
			name = Debug;
		};
		B219EC551AD8E5BB0042C5C4 /* Release */ = {
			isa = XCBuildConfiguration;
			buildSettings = {
				BUNDLE_LOADER = "$(TEST_HOST)";
				FRAMEWORK_SEARCH_PATHS = (
					"$(SDKROOT)/Developer/Library/Frameworks",
					"$(inherited)",
				);
				INFOPLIST_FILE = NexusTests/Info.plist;
				LD_RUNPATH_SEARCH_PATHS = "$(inherited) @executable_path/Frameworks @loader_path/Frameworks";
				PRODUCT_NAME = "$(TARGET_NAME)";
				TEST_HOST = "$(BUILT_PRODUCTS_DIR)/Nexus.app/Nexus";
			};
			name = Release;
		};
/* End XCBuildConfiguration section */

/* Begin XCConfigurationList section */
		B219EC2C1AD8E5BA0042C5C4 /* Build configuration list for PBXProject "Nexus" */ = {
			isa = XCConfigurationList;
			buildConfigurations = (
				B219EC4E1AD8E5BB0042C5C4 /* Debug */,
				B219EC4F1AD8E5BB0042C5C4 /* Release */,
			);
			defaultConfigurationIsVisible = 0;
			defaultConfigurationName = Release;
		};
		B219EC501AD8E5BB0042C5C4 /* Build configuration list for PBXNativeTarget "Nexus" */ = {
			isa = XCConfigurationList;
			buildConfigurations = (
				B219EC511AD8E5BB0042C5C4 /* Debug */,
				B219EC521AD8E5BB0042C5C4 /* Release */,
			);
			defaultConfigurationIsVisible = 0;
		};
		B219EC531AD8E5BB0042C5C4 /* Build configuration list for PBXNativeTarget "NexusTests" */ = {
			isa = XCConfigurationList;
			buildConfigurations = (
				B219EC541AD8E5BB0042C5C4 /* Debug */,
				B219EC551AD8E5BB0042C5C4 /* Release */,
			);
			defaultConfigurationIsVisible = 0;
		};
/* End XCConfigurationList section */
	};
	rootObject = B219EC291AD8E5BA0042C5C4 /* Project object */;
}
